
Microsoft Visual Studio Solution File, Format Version 12.00
# Visual Studio Version 17
VisualStudioVersion = 17.5.33424.131
MinimumVisualStudioVersion = 10.0.40219.1
Project("{8BC9CEB8-8B4A-11D0-8D11-00A0C91BC942}") = "Winui3Cef", "Winui3Cef.vcxproj", "{BE02DAB3-8516-4DDD-B68A-5DEB1790DB5E}"
	ProjectSection(ProjectDependencies) = postProject
		{0C44AA24-4CB3-4721-923C-51C125077AA7} = {0C44AA24-4CB3-4721-923C-51C125077AA7}
	EndProjectSection
EndProject
Project("{8BC9CEB8-8B4A-11D0-8D11-00A0C91BC942}") = "Winui3CefCore", "..\Winui3CefCore\Winui3CefCore.vcxproj", "{0C44AA24-4CB3-4721-923C-51C125077AA7}"
EndProject
Global
	GlobalSection(SolutionConfigurationPlatforms) = preSolution
		Debug|ARM64 = Debug|ARM64
		Debug|x64 = Debug|x64
		Debug|x86 = Debug|x86
		Release|ARM64 = Release|ARM64
		Release|x64 = Release|x64
		Release|x86 = Release|x86
	EndGlobalSection
	GlobalSection(ProjectConfigurationPlatforms) = postSolution
		{BE02DAB3-8516-4DDD-B68A-5DEB1790DB5E}.Debug|ARM64.ActiveCfg = Debug|ARM64
		{BE02DAB3-8516-4DDD-B68A-5DEB1790DB5E}.Debug|ARM64.Build.0 = Debug|ARM64
		{BE02DAB3-8516-4DDD-B68A-5DEB1790DB5E}.Debug|ARM64.Deploy.0 = Debug|ARM64
		{BE02DAB3-8516-4DDD-B68A-5DEB1790DB5E}.Debug|x64.ActiveCfg = Debug|x64
		{BE02DAB3-8516-4DDD-B68A-5DEB1790DB5E}.Debug|x64.Build.0 = Debug|x64
		{BE02DAB3-8516-4DDD-B68A-5DEB1790DB5E}.Debug|x64.Deploy.0 = Debug|x64
		{BE02DAB3-8516-4DDD-B68A-5DEB1790DB5E}.Debug|x86.ActiveCfg = Debug|Win32
		{BE02DAB3-8516-4DDD-B68A-5DEB1790DB5E}.Debug|x86.Build.0 = Debug|Win32
		{BE02DAB3-8516-4DDD-B68A-5DEB1790DB5E}.Debug|x86.Deploy.0 = Debug|Win32
		{BE02DAB3-8516-4DDD-B68A-5DEB1790DB5E}.Release|ARM64.ActiveCfg = Release|ARM64
		{BE02DAB3-8516-4DDD-B68A-5DEB1790DB5E}.Release|ARM64.Build.0 = Release|ARM64
		{BE02DAB3-8516-4DDD-B68A-5DEB1790DB5E}.Release|ARM64.Deploy.0 = Release|ARM64
		{BE02DAB3-8516-4DDD-B68A-5DEB1790DB5E}.Release|x64.ActiveCfg = Release|x64
		{BE02DAB3-8516-4DDD-B68A-5DEB1790DB5E}.Release|x64.Build.0 = Release|x64
		{BE02DAB3-8516-4DDD-B68A-5DEB1790DB5E}.Release|x64.Deploy.0 = Release|x64
		{BE02DAB3-8516-4DDD-B68A-5DEB1790DB5E}.Release|x86.ActiveCfg = Release|Win32
		{BE02DAB3-8516-4DDD-B68A-5DEB1790DB5E}.Release|x86.Build.0 = Release|Win32
		{BE02DAB3-8516-4DDD-B68A-5DEB1790DB5E}.Release|x86.Deploy.0 = Release|Win32
		{0C44AA24-4CB3-4721-923C-51C125077AA7}.Debug|ARM64.ActiveCfg = Debug|x64
		{0C44AA24-4CB3-4721-923C-51C125077AA7}.Debug|ARM64.Build.0 = Debug|x64
		{0C44AA24-4CB3-4721-923C-51C125077AA7}.Debug|x64.ActiveCfg = Debug|x64
		{0C44AA24-4CB3-4721-923C-51C125077AA7}.Debug|x64.Build.0 = Debug|x64
		{0C44AA24-4CB3-4721-923C-51C125077AA7}.Debug|x86.ActiveCfg = Debug|Win32
		{0C44AA24-4CB3-4721-923C-51C125077AA7}.Debug|x86.Build.0 = Debug|Win32
		{0C44AA24-4CB3-4721-923C-51C125077AA7}.Release|ARM64.ActiveCfg = Release|x64
		{0C44AA24-4CB3-4721-923C-51C125077AA7}.Release|ARM64.Build.0 = Release|x64
		{0C44AA24-4CB3-4721-923C-51C125077AA7}.Release|x64.ActiveCfg = Release|x64
		{0C44AA24-4CB3-4721-923C-51C125077AA7}.Release|x64.Build.0 = Release|x64
		{0C44AA24-4CB3-4721-923C-51C125077AA7}.Release|x86.ActiveCfg = Release|Win32
		{0C44AA24-4CB3-4721-923C-51C125077AA7}.Release|x86.Build.0 = Release|Win32
	EndGlobalSection
	GlobalSection(SolutionProperties) = preSolution
		HideSolutionNode = FALSE
	EndGlobalSection
	GlobalSection(ExtensibilityGlobals) = postSolution
		SolutionGuid = {1AF9FCD7-7B7D-4746-A45B-8966C2E819FF}
	EndGlobalSection
EndGlobal
