
Microsoft Visual Studio Solution File, Format Version 12.00
# Visual Studio Version 17
VisualStudioVersion = 17.4.33213.308
MinimumVisualStudioVersion = 10.0.40219.1
Project("{FAE04EC0-301F-11D3-BF4B-00C04F79EFBC}") = "FireBrowser", "FireBrowser\FireBrowser.csproj", "{DA74BB13-6001-4BB8-9F03-13A24DFD6CFA}"
EndProject
Project("{FAE04EC0-301F-11D3-BF4B-00C04F79EFBC}") = "FireBrowserInterop", "FireBrowserInterop\FireBrowserInterop.csproj", "{C0B577C9-A42D-49DB-B53B-4B9063E16328}"
EndProject
Project("{FAE04EC0-301F-11D3-BF4B-00C04F79EFBC}") = "FireBrowserHelpers", "FireBrowserHelpers\FireBrowserHelpers.csproj", "{276BE652-8B48-40F3-AD2E-E555BC63BA54}"
EndProject
Project("{FAE04EC0-301F-11D3-BF4B-00C04F79EFBC}") = "FireBrowserQr", "FireBrowserQr\FireBrowserQr.csproj", "{ECA85C13-60C2-472C-A319-0F1E6573AB95}"
EndProject
Project("{FAE04EC0-301F-11D3-BF4B-00C04F79EFBC}") = "FireBrowserUrlHelper", "FireBrowserUrlHelper\FireBrowserUrlHelper.csproj", "{57797DC9-CE3F-4ECF-B2D4-DB5B724BFCEE}"
EndProject
Project("{FAE04EC0-301F-11D3-BF4B-00C04F79EFBC}") = "FireBrowserFavorites", "FireBrowserFavorites\FireBrowserFavorites.csproj", "{DDE74D86-09FC-49CB-B8F4-4EFA46EA469D}"
EndProject
Project("{FAE04EC0-301F-11D3-BF4B-00C04F79EFBC}") = "FireExceptions", "FireExceptions\FireExceptions.csproj", "{B9FBA9D4-B20E-4DD9-92DD-497870BC85ED}"
EndProject
Project("{FAE04EC0-301F-11D3-BF4B-00C04F79EFBC}") = "FireBrowserDataBase", "FireBrowserDataBase\FireBrowserDataBase.csproj", "{1503D939-3B97-4B04-8517-1363E4B2F293}"
EndProject
Project("{FAE04EC0-301F-11D3-BF4B-00C04F79EFBC}") = "FireBrowserCore", "FireBrowserCore\FireBrowserCore.csproj", "{643CC35C-F713-408E-A0BC-F210E4739C81}"
EndProject
Project("{FAE04EC0-301F-11D3-BF4B-00C04F79EFBC}") = "FireBrowserDialogs", "FireBrowserDialogs\FireBrowserDialogs.csproj", "{3DBE33C1-AA8F-4CB2-984D-4CA2E13A4AF3}"
EndProject
Global
	GlobalSection(SolutionConfigurationPlatforms) = preSolution
		Debug|Any CPU = Debug|Any CPU
		Debug|ARM = Debug|ARM
		Debug|ARM64 = Debug|ARM64
		Debug|x64 = Debug|x64
		Debug|x86 = Debug|x86
		Release|Any CPU = Release|Any CPU
		Release|ARM = Release|ARM
		Release|ARM64 = Release|ARM64
		Release|x64 = Release|x64
		Release|x86 = Release|x86
	EndGlobalSection
	GlobalSection(ProjectConfigurationPlatforms) = postSolution
		{DA74BB13-6001-4BB8-9F03-13A24DFD6CFA}.Debug|Any CPU.ActiveCfg = Debug|Any CPU
		{DA74BB13-6001-4BB8-9F03-13A24DFD6CFA}.Debug|Any CPU.Build.0 = Debug|Any CPU
		{DA74BB13-6001-4BB8-9F03-13A24DFD6CFA}.Debug|Any CPU.Deploy.0 = Debug|Any CPU
		{DA74BB13-6001-4BB8-9F03-13A24DFD6CFA}.Debug|ARM.ActiveCfg = Debug|ARM
		{DA74BB13-6001-4BB8-9F03-13A24DFD6CFA}.Debug|ARM.Build.0 = Debug|ARM
		{DA74BB13-6001-4BB8-9F03-13A24DFD6CFA}.Debug|ARM.Deploy.0 = Debug|ARM
		{DA74BB13-6001-4BB8-9F03-13A24DFD6CFA}.Debug|ARM64.ActiveCfg = Debug|ARM64
		{DA74BB13-6001-4BB8-9F03-13A24DFD6CFA}.Debug|ARM64.Build.0 = Debug|ARM64
		{DA74BB13-6001-4BB8-9F03-13A24DFD6CFA}.Debug|ARM64.Deploy.0 = Debug|ARM64
		{DA74BB13-6001-4BB8-9F03-13A24DFD6CFA}.Debug|x64.ActiveCfg = Debug|x64
		{DA74BB13-6001-4BB8-9F03-13A24DFD6CFA}.Debug|x64.Build.0 = Debug|x64
		{DA74BB13-6001-4BB8-9F03-13A24DFD6CFA}.Debug|x64.Deploy.0 = Debug|x64
		{DA74BB13-6001-4BB8-9F03-13A24DFD6CFA}.Debug|x86.ActiveCfg = Debug|x86
		{DA74BB13-6001-4BB8-9F03-13A24DFD6CFA}.Debug|x86.Build.0 = Debug|x86
		{DA74BB13-6001-4BB8-9F03-13A24DFD6CFA}.Debug|x86.Deploy.0 = Debug|x86
		{DA74BB13-6001-4BB8-9F03-13A24DFD6CFA}.Release|Any CPU.ActiveCfg = Release|Any CPU
		{DA74BB13-6001-4BB8-9F03-13A24DFD6CFA}.Release|Any CPU.Build.0 = Release|Any CPU
		{DA74BB13-6001-4BB8-9F03-13A24DFD6CFA}.Release|Any CPU.Deploy.0 = Release|Any CPU
		{DA74BB13-6001-4BB8-9F03-13A24DFD6CFA}.Release|ARM.ActiveCfg = Release|ARM
		{DA74BB13-6001-4BB8-9F03-13A24DFD6CFA}.Release|ARM.Build.0 = Release|ARM
		{DA74BB13-6001-4BB8-9F03-13A24DFD6CFA}.Release|ARM.Deploy.0 = Release|ARM
		{DA74BB13-6001-4BB8-9F03-13A24DFD6CFA}.Release|ARM64.ActiveCfg = Release|ARM64
		{DA74BB13-6001-4BB8-9F03-13A24DFD6CFA}.Release|ARM64.Build.0 = Release|ARM64
		{DA74BB13-6001-4BB8-9F03-13A24DFD6CFA}.Release|ARM64.Deploy.0 = Release|ARM64
		{DA74BB13-6001-4BB8-9F03-13A24DFD6CFA}.Release|x64.ActiveCfg = Release|x64
		{DA74BB13-6001-4BB8-9F03-13A24DFD6CFA}.Release|x64.Build.0 = Release|x64
		{DA74BB13-6001-4BB8-9F03-13A24DFD6CFA}.Release|x64.Deploy.0 = Release|x64
		{DA74BB13-6001-4BB8-9F03-13A24DFD6CFA}.Release|x86.ActiveCfg = Release|x86
		{DA74BB13-6001-4BB8-9F03-13A24DFD6CFA}.Release|x86.Build.0 = Release|x86
		{DA74BB13-6001-4BB8-9F03-13A24DFD6CFA}.Release|x86.Deploy.0 = Release|x86
		{C0B577C9-A42D-49DB-B53B-4B9063E16328}.Debug|Any CPU.ActiveCfg = Debug|Any CPU
		{C0B577C9-A42D-49DB-B53B-4B9063E16328}.Debug|Any CPU.Build.0 = Debug|Any CPU
		{C0B577C9-A42D-49DB-B53B-4B9063E16328}.Debug|ARM.ActiveCfg = Debug|ARM
		{C0B577C9-A42D-49DB-B53B-4B9063E16328}.Debug|ARM.Build.0 = Debug|ARM
		{C0B577C9-A42D-49DB-B53B-4B9063E16328}.Debug|ARM64.ActiveCfg = Debug|ARM64
		{C0B577C9-A42D-49DB-B53B-4B9063E16328}.Debug|ARM64.Build.0 = Debug|ARM64
		{C0B577C9-A42D-49DB-B53B-4B9063E16328}.Debug|x64.ActiveCfg = Debug|x64
		{C0B577C9-A42D-49DB-B53B-4B9063E16328}.Debug|x64.Build.0 = Debug|x64
		{C0B577C9-A42D-49DB-B53B-4B9063E16328}.Debug|x86.ActiveCfg = Debug|x86
		{C0B577C9-A42D-49DB-B53B-4B9063E16328}.Debug|x86.Build.0 = Debug|x86
		{C0B577C9-A42D-49DB-B53B-4B9063E16328}.Release|Any CPU.ActiveCfg = Release|Any CPU
		{C0B577C9-A42D-49DB-B53B-4B9063E16328}.Release|Any CPU.Build.0 = Release|Any CPU
		{C0B577C9-A42D-49DB-B53B-4B9063E16328}.Release|ARM.ActiveCfg = Release|ARM
		{C0B577C9-A42D-49DB-B53B-4B9063E16328}.Release|ARM.Build.0 = Release|ARM
		{C0B577C9-A42D-49DB-B53B-4B9063E16328}.Release|ARM64.ActiveCfg = Release|ARM64
		{C0B577C9-A42D-49DB-B53B-4B9063E16328}.Release|ARM64.Build.0 = Release|ARM64
		{C0B577C9-A42D-49DB-B53B-4B9063E16328}.Release|x64.ActiveCfg = Release|x64
		{C0B577C9-A42D-49DB-B53B-4B9063E16328}.Release|x64.Build.0 = Release|x64
		{C0B577C9-A42D-49DB-B53B-4B9063E16328}.Release|x86.ActiveCfg = Release|x86
		{C0B577C9-A42D-49DB-B53B-4B9063E16328}.Release|x86.Build.0 = Release|x86
		{276BE652-8B48-40F3-AD2E-E555BC63BA54}.Debug|Any CPU.ActiveCfg = Debug|Any CPU
		{276BE652-8B48-40F3-AD2E-E555BC63BA54}.Debug|Any CPU.Build.0 = Debug|Any CPU
		{276BE652-8B48-40F3-AD2E-E555BC63BA54}.Debug|ARM.ActiveCfg = Debug|ARM
		{276BE652-8B48-40F3-AD2E-E555BC63BA54}.Debug|ARM.Build.0 = Debug|ARM
		{276BE652-8B48-40F3-AD2E-E555BC63BA54}.Debug|ARM64.ActiveCfg = Debug|ARM64
		{276BE652-8B48-40F3-AD2E-E555BC63BA54}.Debug|ARM64.Build.0 = Debug|ARM64
		{276BE652-8B48-40F3-AD2E-E555BC63BA54}.Debug|x64.ActiveCfg = Debug|x64
		{276BE652-8B48-40F3-AD2E-E555BC63BA54}.Debug|x64.Build.0 = Debug|x64
		{276BE652-8B48-40F3-AD2E-E555BC63BA54}.Debug|x86.ActiveCfg = Debug|x86
		{276BE652-8B48-40F3-AD2E-E555BC63BA54}.Debug|x86.Build.0 = Debug|x86
		{276BE652-8B48-40F3-AD2E-E555BC63BA54}.Release|Any CPU.ActiveCfg = Release|Any CPU
		{276BE652-8B48-40F3-AD2E-E555BC63BA54}.Release|Any CPU.Build.0 = Release|Any CPU
		{276BE652-8B48-40F3-AD2E-E555BC63BA54}.Release|ARM.ActiveCfg = Release|ARM
		{276BE652-8B48-40F3-AD2E-E555BC63BA54}.Release|ARM.Build.0 = Release|ARM
		{276BE652-8B48-40F3-AD2E-E555BC63BA54}.Release|ARM64.ActiveCfg = Release|ARM64
		{276BE652-8B48-40F3-AD2E-E555BC63BA54}.Release|ARM64.Build.0 = Release|ARM64
		{276BE652-8B48-40F3-AD2E-E555BC63BA54}.Release|x64.ActiveCfg = Release|x64
		{276BE652-8B48-40F3-AD2E-E555BC63BA54}.Release|x64.Build.0 = Release|x64
		{276BE652-8B48-40F3-AD2E-E555BC63BA54}.Release|x86.ActiveCfg = Release|x86
		{276BE652-8B48-40F3-AD2E-E555BC63BA54}.Release|x86.Build.0 = Release|x86
		{ECA85C13-60C2-472C-A319-0F1E6573AB95}.Debug|Any CPU.ActiveCfg = Debug|Any CPU
		{ECA85C13-60C2-472C-A319-0F1E6573AB95}.Debug|Any CPU.Build.0 = Debug|Any CPU
		{ECA85C13-60C2-472C-A319-0F1E6573AB95}.Debug|ARM.ActiveCfg = Debug|ARM
		{ECA85C13-60C2-472C-A319-0F1E6573AB95}.Debug|ARM.Build.0 = Debug|ARM
		{ECA85C13-60C2-472C-A319-0F1E6573AB95}.Debug|ARM64.ActiveCfg = Debug|ARM64
		{ECA85C13-60C2-472C-A319-0F1E6573AB95}.Debug|ARM64.Build.0 = Debug|ARM64
		{ECA85C13-60C2-472C-A319-0F1E6573AB95}.Debug|x64.ActiveCfg = Debug|x64
		{ECA85C13-60C2-472C-A319-0F1E6573AB95}.Debug|x64.Build.0 = Debug|x64
		{ECA85C13-60C2-472C-A319-0F1E6573AB95}.Debug|x86.ActiveCfg = Debug|x86
		{ECA85C13-60C2-472C-A319-0F1E6573AB95}.Debug|x86.Build.0 = Debug|x86
		{ECA85C13-60C2-472C-A319-0F1E6573AB95}.Release|Any CPU.ActiveCfg = Release|Any CPU
		{ECA85C13-60C2-472C-A319-0F1E6573AB95}.Release|Any CPU.Build.0 = Release|Any CPU
		{ECA85C13-60C2-472C-A319-0F1E6573AB95}.Release|ARM.ActiveCfg = Release|ARM
		{ECA85C13-60C2-472C-A319-0F1E6573AB95}.Release|ARM.Build.0 = Release|ARM
		{ECA85C13-60C2-472C-A319-0F1E6573AB95}.Release|ARM64.ActiveCfg = Release|ARM64
		{ECA85C13-60C2-472C-A319-0F1E6573AB95}.Release|ARM64.Build.0 = Release|ARM64
		{ECA85C13-60C2-472C-A319-0F1E6573AB95}.Release|x64.ActiveCfg = Release|x64
		{ECA85C13-60C2-472C-A319-0F1E6573AB95}.Release|x64.Build.0 = Release|x64
		{ECA85C13-60C2-472C-A319-0F1E6573AB95}.Release|x86.ActiveCfg = Release|x86
		{ECA85C13-60C2-472C-A319-0F1E6573AB95}.Release|x86.Build.0 = Release|x86
		{57797DC9-CE3F-4ECF-B2D4-DB5B724BFCEE}.Debug|Any CPU.ActiveCfg = Debug|Any CPU
		{57797DC9-CE3F-4ECF-B2D4-DB5B724BFCEE}.Debug|Any CPU.Build.0 = Debug|Any CPU
		{57797DC9-CE3F-4ECF-B2D4-DB5B724BFCEE}.Debug|ARM.ActiveCfg = Debug|ARM
		{57797DC9-CE3F-4ECF-B2D4-DB5B724BFCEE}.Debug|ARM.Build.0 = Debug|ARM
		{57797DC9-CE3F-4ECF-B2D4-DB5B724BFCEE}.Debug|ARM64.ActiveCfg = Debug|ARM64
		{57797DC9-CE3F-4ECF-B2D4-DB5B724BFCEE}.Debug|ARM64.Build.0 = Debug|ARM64
		{57797DC9-CE3F-4ECF-B2D4-DB5B724BFCEE}.Debug|x64.ActiveCfg = Debug|x64
		{57797DC9-CE3F-4ECF-B2D4-DB5B724BFCEE}.Debug|x64.Build.0 = Debug|x64
		{57797DC9-CE3F-4ECF-B2D4-DB5B724BFCEE}.Debug|x86.ActiveCfg = Debug|x86
		{57797DC9-CE3F-4ECF-B2D4-DB5B724BFCEE}.Debug|x86.Build.0 = Debug|x86
		{57797DC9-CE3F-4ECF-B2D4-DB5B724BFCEE}.Release|Any CPU.ActiveCfg = Release|Any CPU
		{57797DC9-CE3F-4ECF-B2D4-DB5B724BFCEE}.Release|Any CPU.Build.0 = Release|Any CPU
		{57797DC9-CE3F-4ECF-B2D4-DB5B724BFCEE}.Release|ARM.ActiveCfg = Release|ARM
		{57797DC9-CE3F-4ECF-B2D4-DB5B724BFCEE}.Release|ARM.Build.0 = Release|ARM
		{57797DC9-CE3F-4ECF-B2D4-DB5B724BFCEE}.Release|ARM64.ActiveCfg = Release|ARM64
		{57797DC9-CE3F-4ECF-B2D4-DB5B724BFCEE}.Release|ARM64.Build.0 = Release|ARM64
		{57797DC9-CE3F-4ECF-B2D4-DB5B724BFCEE}.Release|x64.ActiveCfg = Release|x64
		{57797DC9-CE3F-4ECF-B2D4-DB5B724BFCEE}.Release|x64.Build.0 = Release|x64
		{57797DC9-CE3F-4ECF-B2D4-DB5B724BFCEE}.Release|x86.ActiveCfg = Release|x86
		{57797DC9-CE3F-4ECF-B2D4-DB5B724BFCEE}.Release|x86.Build.0 = Release|x86
		{DDE74D86-09FC-49CB-B8F4-4EFA46EA469D}.Debug|Any CPU.ActiveCfg = Debug|Any CPU
		{DDE74D86-09FC-49CB-B8F4-4EFA46EA469D}.Debug|Any CPU.Build.0 = Debug|Any CPU
		{DDE74D86-09FC-49CB-B8F4-4EFA46EA469D}.Debug|ARM.ActiveCfg = Debug|ARM
		{DDE74D86-09FC-49CB-B8F4-4EFA46EA469D}.Debug|ARM.Build.0 = Debug|ARM
		{DDE74D86-09FC-49CB-B8F4-4EFA46EA469D}.Debug|ARM64.ActiveCfg = Debug|ARM64
		{DDE74D86-09FC-49CB-B8F4-4EFA46EA469D}.Debug|ARM64.Build.0 = Debug|ARM64
		{DDE74D86-09FC-49CB-B8F4-4EFA46EA469D}.Debug|x64.ActiveCfg = Debug|x64
		{DDE74D86-09FC-49CB-B8F4-4EFA46EA469D}.Debug|x64.Build.0 = Debug|x64
		{DDE74D86-09FC-49CB-B8F4-4EFA46EA469D}.Debug|x86.ActiveCfg = Debug|x86
		{DDE74D86-09FC-49CB-B8F4-4EFA46EA469D}.Debug|x86.Build.0 = Debug|x86
		{DDE74D86-09FC-49CB-B8F4-4EFA46EA469D}.Release|Any CPU.ActiveCfg = Release|Any CPU
		{DDE74D86-09FC-49CB-B8F4-4EFA46EA469D}.Release|Any CPU.Build.0 = Release|Any CPU
		{DDE74D86-09FC-49CB-B8F4-4EFA46EA469D}.Release|ARM.ActiveCfg = Release|ARM
		{DDE74D86-09FC-49CB-B8F4-4EFA46EA469D}.Release|ARM.Build.0 = Release|ARM
		{DDE74D86-09FC-49CB-B8F4-4EFA46EA469D}.Release|ARM64.ActiveCfg = Release|ARM64
		{DDE74D86-09FC-49CB-B8F4-4EFA46EA469D}.Release|ARM64.Build.0 = Release|ARM64
		{DDE74D86-09FC-49CB-B8F4-4EFA46EA469D}.Release|x64.ActiveCfg = Release|x64
		{DDE74D86-09FC-49CB-B8F4-4EFA46EA469D}.Release|x64.Build.0 = Release|x64
		{DDE74D86-09FC-49CB-B8F4-4EFA46EA469D}.Release|x86.ActiveCfg = Release|x86
		{DDE74D86-09FC-49CB-B8F4-4EFA46EA469D}.Release|x86.Build.0 = Release|x86
		{B9FBA9D4-B20E-4DD9-92DD-497870BC85ED}.Debug|Any CPU.ActiveCfg = Debug|Any CPU
		{B9FBA9D4-B20E-4DD9-92DD-497870BC85ED}.Debug|Any CPU.Build.0 = Debug|Any CPU
		{B9FBA9D4-B20E-4DD9-92DD-497870BC85ED}.Debug|ARM.ActiveCfg = Debug|ARM
		{B9FBA9D4-B20E-4DD9-92DD-497870BC85ED}.Debug|ARM.Build.0 = Debug|ARM
		{B9FBA9D4-B20E-4DD9-92DD-497870BC85ED}.Debug|ARM64.ActiveCfg = Debug|ARM64
		{B9FBA9D4-B20E-4DD9-92DD-497870BC85ED}.Debug|ARM64.Build.0 = Debug|ARM64
		{B9FBA9D4-B20E-4DD9-92DD-497870BC85ED}.Debug|x64.ActiveCfg = Debug|x64
		{B9FBA9D4-B20E-4DD9-92DD-497870BC85ED}.Debug|x64.Build.0 = Debug|x64
		{B9FBA9D4-B20E-4DD9-92DD-497870BC85ED}.Debug|x86.ActiveCfg = Debug|x86
		{B9FBA9D4-B20E-4DD9-92DD-497870BC85ED}.Debug|x86.Build.0 = Debug|x86
		{B9FBA9D4-B20E-4DD9-92DD-497870BC85ED}.Release|Any CPU.ActiveCfg = Release|Any CPU
		{B9FBA9D4-B20E-4DD9-92DD-497870BC85ED}.Release|Any CPU.Build.0 = Release|Any CPU
		{B9FBA9D4-B20E-4DD9-92DD-497870BC85ED}.Release|ARM.ActiveCfg = Release|ARM
		{B9FBA9D4-B20E-4DD9-92DD-497870BC85ED}.Release|ARM.Build.0 = Release|ARM
		{B9FBA9D4-B20E-4DD9-92DD-497870BC85ED}.Release|ARM64.ActiveCfg = Release|ARM64
		{B9FBA9D4-B20E-4DD9-92DD-497870BC85ED}.Release|ARM64.Build.0 = Release|ARM64
		{B9FBA9D4-B20E-4DD9-92DD-497870BC85ED}.Release|x64.ActiveCfg = Release|x64
		{B9FBA9D4-B20E-4DD9-92DD-497870BC85ED}.Release|x64.Build.0 = Release|x64
		{B9FBA9D4-B20E-4DD9-92DD-497870BC85ED}.Release|x86.ActiveCfg = Release|x86
		{B9FBA9D4-B20E-4DD9-92DD-497870BC85ED}.Release|x86.Build.0 = Release|x86
		{1503D939-3B97-4B04-8517-1363E4B2F293}.Debug|Any CPU.ActiveCfg = Debug|Any CPU
		{1503D939-3B97-4B04-8517-1363E4B2F293}.Debug|Any CPU.Build.0 = Debug|Any CPU
		{1503D939-3B97-4B04-8517-1363E4B2F293}.Debug|ARM.ActiveCfg = Debug|ARM
		{1503D939-3B97-4B04-8517-1363E4B2F293}.Debug|ARM.Build.0 = Debug|ARM
		{1503D939-3B97-4B04-8517-1363E4B2F293}.Debug|ARM64.ActiveCfg = Debug|ARM64
		{1503D939-3B97-4B04-8517-1363E4B2F293}.Debug|ARM64.Build.0 = Debug|ARM64
		{1503D939-3B97-4B04-8517-1363E4B2F293}.Debug|x64.ActiveCfg = Debug|x64
		{1503D939-3B97-4B04-8517-1363E4B2F293}.Debug|x64.Build.0 = Debug|x64
		{1503D939-3B97-4B04-8517-1363E4B2F293}.Debug|x86.ActiveCfg = Debug|x86
		{1503D939-3B97-4B04-8517-1363E4B2F293}.Debug|x86.Build.0 = Debug|x86
		{1503D939-3B97-4B04-8517-1363E4B2F293}.Release|Any CPU.ActiveCfg = Release|Any CPU
		{1503D939-3B97-4B04-8517-1363E4B2F293}.Release|Any CPU.Build.0 = Release|Any CPU
		{1503D939-3B97-4B04-8517-1363E4B2F293}.Release|ARM.ActiveCfg = Release|ARM
		{1503D939-3B97-4B04-8517-1363E4B2F293}.Release|ARM.Build.0 = Release|ARM
		{1503D939-3B97-4B04-8517-1363E4B2F293}.Release|ARM64.ActiveCfg = Release|ARM64
		{1503D939-3B97-4B04-8517-1363E4B2F293}.Release|ARM64.Build.0 = Release|ARM64
		{1503D939-3B97-4B04-8517-1363E4B2F293}.Release|x64.ActiveCfg = Release|x64
		{1503D939-3B97-4B04-8517-1363E4B2F293}.Release|x64.Build.0 = Release|x64
		{1503D939-3B97-4B04-8517-1363E4B2F293}.Release|x86.ActiveCfg = Release|x86
		{1503D939-3B97-4B04-8517-1363E4B2F293}.Release|x86.Build.0 = Release|x86
		{643CC35C-F713-408E-A0BC-F210E4739C81}.Debug|Any CPU.ActiveCfg = Debug|Any CPU
		{643CC35C-F713-408E-A0BC-F210E4739C81}.Debug|Any CPU.Build.0 = Debug|Any CPU
		{643CC35C-F713-408E-A0BC-F210E4739C81}.Debug|ARM.ActiveCfg = Debug|ARM
		{643CC35C-F713-408E-A0BC-F210E4739C81}.Debug|ARM.Build.0 = Debug|ARM
		{643CC35C-F713-408E-A0BC-F210E4739C81}.Debug|ARM64.ActiveCfg = Debug|ARM64
		{643CC35C-F713-408E-A0BC-F210E4739C81}.Debug|ARM64.Build.0 = Debug|ARM64
		{643CC35C-F713-408E-A0BC-F210E4739C81}.Debug|x64.ActiveCfg = Debug|x64
		{643CC35C-F713-408E-A0BC-F210E4739C81}.Debug|x64.Build.0 = Debug|x64
		{643CC35C-F713-408E-A0BC-F210E4739C81}.Debug|x86.ActiveCfg = Debug|x86
		{643CC35C-F713-408E-A0BC-F210E4739C81}.Debug|x86.Build.0 = Debug|x86
		{643CC35C-F713-408E-A0BC-F210E4739C81}.Release|Any CPU.ActiveCfg = Release|Any CPU
		{643CC35C-F713-408E-A0BC-F210E4739C81}.Release|Any CPU.Build.0 = Release|Any CPU
		{643CC35C-F713-408E-A0BC-F210E4739C81}.Release|ARM.ActiveCfg = Release|ARM
		{643CC35C-F713-408E-A0BC-F210E4739C81}.Release|ARM.Build.0 = Release|ARM
		{643CC35C-F713-408E-A0BC-F210E4739C81}.Release|ARM64.ActiveCfg = Release|ARM64
		{643CC35C-F713-408E-A0BC-F210E4739C81}.Release|ARM64.Build.0 = Release|ARM64
		{643CC35C-F713-408E-A0BC-F210E4739C81}.Release|x64.ActiveCfg = Release|x64
		{643CC35C-F713-408E-A0BC-F210E4739C81}.Release|x64.Build.0 = Release|x64
		{643CC35C-F713-408E-A0BC-F210E4739C81}.Release|x86.ActiveCfg = Release|x86
		{643CC35C-F713-408E-A0BC-F210E4739C81}.Release|x86.Build.0 = Release|x86
		{3DBE33C1-AA8F-4CB2-984D-4CA2E13A4AF3}.Debug|Any CPU.ActiveCfg = Debug|Any CPU
		{3DBE33C1-AA8F-4CB2-984D-4CA2E13A4AF3}.Debug|Any CPU.Build.0 = Debug|Any CPU
		{3DBE33C1-AA8F-4CB2-984D-4CA2E13A4AF3}.Debug|ARM.ActiveCfg = Debug|ARM
		{3DBE33C1-AA8F-4CB2-984D-4CA2E13A4AF3}.Debug|ARM.Build.0 = Debug|ARM
		{3DBE33C1-AA8F-4CB2-984D-4CA2E13A4AF3}.Debug|ARM64.ActiveCfg = Debug|ARM64
		{3DBE33C1-AA8F-4CB2-984D-4CA2E13A4AF3}.Debug|ARM64.Build.0 = Debug|ARM64
		{3DBE33C1-AA8F-4CB2-984D-4CA2E13A4AF3}.Debug|x64.ActiveCfg = Debug|x64
		{3DBE33C1-AA8F-4CB2-984D-4CA2E13A4AF3}.Debug|x64.Build.0 = Debug|x64
		{3DBE33C1-AA8F-4CB2-984D-4CA2E13A4AF3}.Debug|x86.ActiveCfg = Debug|x86
		{3DBE33C1-AA8F-4CB2-984D-4CA2E13A4AF3}.Debug|x86.Build.0 = Debug|x86
		{3DBE33C1-AA8F-4CB2-984D-4CA2E13A4AF3}.Release|Any CPU.ActiveCfg = Release|Any CPU
		{3DBE33C1-AA8F-4CB2-984D-4CA2E13A4AF3}.Release|Any CPU.Build.0 = Release|Any CPU
		{3DBE33C1-AA8F-4CB2-984D-4CA2E13A4AF3}.Release|ARM.ActiveCfg = Release|ARM
		{3DBE33C1-AA8F-4CB2-984D-4CA2E13A4AF3}.Release|ARM.Build.0 = Release|ARM
		{3DBE33C1-AA8F-4CB2-984D-4CA2E13A4AF3}.Release|ARM64.ActiveCfg = Release|ARM64
		{3DBE33C1-AA8F-4CB2-984D-4CA2E13A4AF3}.Release|ARM64.Build.0 = Release|ARM64
		{3DBE33C1-AA8F-4CB2-984D-4CA2E13A4AF3}.Release|x64.ActiveCfg = Release|x64
		{3DBE33C1-AA8F-4CB2-984D-4CA2E13A4AF3}.Release|x64.Build.0 = Release|x64
		{3DBE33C1-AA8F-4CB2-984D-4CA2E13A4AF3}.Release|x86.ActiveCfg = Release|x86
		{3DBE33C1-AA8F-4CB2-984D-4CA2E13A4AF3}.Release|x86.Build.0 = Release|x86
	EndGlobalSection
	GlobalSection(SolutionProperties) = preSolution
		HideSolutionNode = FALSE
	EndGlobalSection
	GlobalSection(ExtensibilityGlobals) = postSolution
		SolutionGuid = {CE6C1905-C121-4F1E-8087-EABC25A127AC}
	EndGlobalSection
EndGlobal
